# Generated by pub
# See https://dart.dev/tools/pub/glossary#lockfile
packages:
  args:
    dependency: transitive
    description:
      name: args
      url: "https://pub.flutter-io.cn"
    source: hosted
    version: "1.5.1"
  async:
    dependency: transitive
    description:
      name: async
      url: "https://pub.flutter-io.cn"
    source: hosted
    version: "2.2.0"
  bloc:
    dependency: "direct main"
    description:
      name: bloc
      url: "https://pub.flutter-io.cn"
    source: hosted
    version: "0.12.0"
  boolean_selector:
    dependency: transitive
    description:
      name: boolean_selector
      url: "https://pub.flutter-io.cn"
    source: hosted
    version: "1.0.5"
  charcode:
    dependency: transitive
    description:
      name: charcode
      url: "https://pub.flutter-io.cn"
    source: hosted
    version: "1.1.2"
  city_pickers:
    dependency: "direct main"
    description:
      name: city_pickers
      url: "https://pub.flutter-io.cn"
    source: hosted
    version: "0.0.4"
  collection:
    dependency: transitive
    description:
      name: collection
      url: "https://pub.flutter-io.cn"
    source: hosted
    version: "1.14.11"
  cookie_jar:
    dependency: "direct main"
    description:
      name: cookie_jar
      url: "https://pub.flutter-io.cn"
    source: hosted
    version: "1.0.0"
  csslib:
    dependency: transitive
    description:
      name: csslib
      url: "https://pub.flutter-io.cn"
    source: hosted
    version: "0.16.0"
  cupertino_icons:
    dependency: "direct main"
    description:
      name: cupertino_icons
      url: "https://pub.flutter-io.cn"
    source: hosted
    version: "0.1.2"
  dio:
    dependency: "direct main"
    description:
      name: dio
      url: "https://pub.flutter-io.cn"
    source: hosted
    version: "2.1.6"
  event_bus:
    dependency: "direct main"
    description:
      name: event_bus
      url: "https://pub.flutter-io.cn"
    source: hosted
    version: "1.1.0"
  firebase_analytics:
    dependency: "direct main"
    description:
      name: firebase_analytics
      url: "https://pub.flutter-io.cn"
    source: hosted
    version: "1.2.0+1"
  firebase_core:
    dependency: "direct main"
    description:
      name: firebase_core
      url: "https://pub.flutter-io.cn"
    source: hosted
    version: "0.3.4"
  fluro:
    dependency: "direct main"
    description:
      name: fluro
      url: "https://pub.flutter-io.cn"
    source: hosted
    version: "1.4.0"
  flutter:
    dependency: "direct main"
    description: flutter
    source: sdk
    version: "0.0.0"
  flutter_bloc:
    dependency: "direct main"
    description:
      name: flutter_bloc
      url: "https://pub.flutter-io.cn"
    source: hosted
    version: "0.11.1"
  flutter_downloader:
    dependency: "direct main"
    description:
      name: flutter_downloader
      url: "https://pub.flutter-io.cn"
    source: hosted
    version: "1.1.7"
  flutter_markdown:
    dependency: "direct main"
    description:
      name: flutter_markdown
      url: "https://pub.flutter-io.cn"
    source: hosted
    version: "0.2.0"
  flutter_spinkit:
    dependency: "direct main"
    description:
      name: flutter_spinkit
      url: "https://pub.flutter-io.cn"
    source: hosted
    version: "3.1.0"
  flutter_test:
    dependency: "direct dev"
    description: flutter
    source: sdk
    version: "0.0.0"
  flutter_webview_plugin:
    dependency: "direct main"
    description:
      name: flutter_webview_plugin
      url: "https://pub.flutter-io.cn"
    source: hosted
    version: "0.3.5"
  fluttertoast:
    dependency: "direct main"
    description:
      name: fluttertoast
      url: "https://pub.flutter-io.cn"
    source: hosted
    version: "3.1.0"
  html:
    dependency: "direct main"
    description:
      name: html
      url: "https://pub.flutter-io.cn"
    source: hosted
    version: "0.14.0+2"
  image_picker:
    dependency: "direct main"
    description:
      name: image_picker
      url: "https://pub.flutter-io.cn"
    source: hosted
    version: "0.6.0+8"
  intl:
    dependency: "direct main"
    description:
      name: intl
      url: "https://pub.flutter-io.cn"
    source: hosted
    version: "0.15.7"
  lpinyin:
    dependency: transitive
    description:
      name: lpinyin
      url: "https://pub.flutter-io.cn"
    source: hosted
    version: "1.0.7"
  markdown:
    dependency: transitive
    description:
      name: markdown
      url: "https://pub.flutter-io.cn"
    source: hosted
    version: "2.0.3"
  matcher:
    dependency: transitive
    description:
      name: matcher
      url: "https://pub.flutter-io.cn"
    source: hosted
    version: "0.12.5"
  meta:
    dependency: transitive
    description:
      name: meta
      url: "https://pub.flutter-io.cn"
    source: hosted
    version: "1.1.6"
  open_file:
    dependency: "direct main"
    description:
      name: open_file
      url: "https://pub.flutter-io.cn"
    source: hosted
    version: "2.0.1+2"
  package_info:
    dependency: "direct main"
    description:
      name: package_info
      url: "https://pub.flutter-io.cn"
    source: hosted
    version: "0.4.0+3"
  path:
    dependency: transitive
    description:
      name: path
      url: "https://pub.flutter-io.cn"
    source: hosted
    version: "1.6.2"
  path_provider:
    dependency: "direct main"
    description:
      name: path_provider
      url: "https://pub.flutter-io.cn"
    source: hosted
    version: "1.1.0"
  pedantic:
    dependency: transitive
    description:
      name: pedantic
      url: "https://pub.flutter-io.cn"
    source: hosted
    version: "1.7.0"
  permission_handler:
    dependency: "direct main"
    description:
      name: permission_handler
      url: "https://pub.flutter-io.cn"
    source: hosted
    version: "3.1.0"
  quiver:
    dependency: transitive
    description:
      name: quiver
      url: "https://pub.flutter-io.cn"
    source: hosted
    version: "2.0.3"
  rxdart:
    dependency: transitive
    description:
      name: rxdart
      url: "https://pub.flutter-io.cn"
    source: hosted
    version: "0.21.0"
  share:
    dependency: "direct main"
    description:
      name: share
      url: "https://pub.flutter-io.cn"
    source: hosted
    version: "0.6.1+1"
  shared_preferences:
    dependency: "direct main"
    description:
      name: shared_preferences
      url: "https://pub.flutter-io.cn"
    source: hosted
    version: "0.4.3"
  sky_engine:
    dependency: transitive
    description: flutter
    source: sdk
    version: "0.0.99"
  source_span:
    dependency: transitive
    description:
      name: source_span
      url: "https://pub.flutter-io.cn"
    source: hosted
    version: "1.5.5"
  sqflite:
    dependency: "direct main"
    description:
      name: sqflite
      url: "https://pub.flutter-io.cn"
    source: hosted
    version: "1.1.5"
  stack_trace:
    dependency: transitive
    description:
      name: stack_trace
      url: "https://pub.flutter-io.cn"
    source: hosted
    version: "1.9.3"
  stream_channel:
    dependency: transitive
    description:
      name: stream_channel
      url: "https://pub.flutter-io.cn"
    source: hosted
    version: "2.0.0"
  string_scanner:
    dependency: transitive
    description:
      name: string_scanner
      url: "https://pub.flutter-io.cn"
    source: hosted
    version: "1.0.4"
  synchronized:
    dependency: transitive
    description:
      name: synchronized
      url: "https://pub.flutter-io.cn"
    source: hosted
    version: "2.1.0"
  term_glyph:
    dependency: transitive
    description:
      name: term_glyph
      url: "https://pub.flutter-io.cn"
    source: hosted
    version: "1.1.0"
  test_api:
    dependency: transitive
    description:
      name: test_api
      url: "https://pub.flutter-io.cn"
    source: hosted
    version: "0.2.5"
  typed_data:
    dependency: transitive
    description:
      name: typed_data
      url: "https://pub.flutter-io.cn"
    source: hosted
    version: "1.1.6"
  url_launcher:
    dependency: "direct main"
    description:
      name: url_launcher
      url: "https://pub.flutter-io.cn"
    source: hosted
    version: "5.0.2"
  vector_math:
    dependency: transitive
    description:
      name: vector_math
      url: "https://pub.flutter-io.cn"
    source: hosted
    version: "2.0.8"
sdks:
  dart: ">=2.2.2 <3.0.0"
  flutter: ">=1.2.1 <2.0.0"
